// !$*UTF8*$!
{
	archiveVersion = 1;
	classes = {
	};
	objectVersion = 50;
	objects = {

/* Begin PBXBuildFile section */
		6017B7B4265D33D600C25807 /* WeatherData.swift in Sources */ = {isa = PBXBuildFile; fileRef = 6017B7B3265D33D600C25807 /* WeatherData.swift */; };
		608FA76E265E45FC0023CF3E /* WeatherModel.swift in Sources */ = {isa = PBXBuildFile; fileRef = 608FA76D265E45FC0023CF3E /* WeatherModel.swift */; };
		60F7BE77265BD8330042B6D7 /* WeatherManager.swift in Sources */ = {isa = PBXBuildFile; fileRef = 60F7BE76265BD8330042B6D7 /* WeatherManager.swift */; };
		60FC0C442657CA4B00F60DF9 /* AppDelegate.swift in Sources */ = {isa = PBXBuildFile; fileRef = 60FC0C432657CA4B00F60DF9 /* AppDelegate.swift */; };
		60FC0C462657CA4B00F60DF9 /* SceneDelegate.swift in Sources */ = {isa = PBXBuildFile; fileRef = 60FC0C452657CA4B00F60DF9 /* SceneDelegate.swift */; };
		60FC0C482657CA4B00F60DF9 /* ClimaViewController.swift in Sources */ = {isa = PBXBuildFile; fileRef = 60FC0C472657CA4B00F60DF9 /* ClimaViewController.swift */; };
		60FC0C4B2657CA4B00F60DF9 /* Main.storyboard in Resources */ = {isa = PBXBuildFile; fileRef = 60FC0C492657CA4B00F60DF9 /* Main.storyboard */; };
		60FC0C4D2657CA4E00F60DF9 /* Assets.xcassets in Resources */ = {isa = PBXBuildFile; fileRef = 60FC0C4C2657CA4E00F60DF9 /* Assets.xcassets */; };
		60FC0C502657CA4E00F60DF9 /* LaunchScreen.storyboard in Resources */ = {isa = PBXBuildFile; fileRef = 60FC0C4E2657CA4E00F60DF9 /* LaunchScreen.storyboard */; };
/* End PBXBuildFile section */

/* Begin PBXFileReference section */
		6017B7B3265D33D600C25807 /* WeatherData.swift */ = {isa = PBXFileReference; lastKnownFileType = sourcecode.swift; path = WeatherData.swift; sourceTree = "<group>"; };
		608FA76D265E45FC0023CF3E /* WeatherModel.swift */ = {isa = PBXFileReference; lastKnownFileType = sourcecode.swift; path = WeatherModel.swift; sourceTree = "<group>"; };
		60F7BE76265BD8330042B6D7 /* WeatherManager.swift */ = {isa = PBXFileReference; lastKnownFileType = sourcecode.swift; path = WeatherManager.swift; sourceTree = "<group>"; };
		60FC0C402657CA4B00F60DF9 /* Clima.app */ = {isa = PBXFileReference; explicitFileType = wrapper.application; includeInIndex = 0; path = Clima.app; sourceTree = BUILT_PRODUCTS_DIR; };
		60FC0C432657CA4B00F60DF9 /* AppDelegate.swift */ = {isa = PBXFileReference; lastKnownFileType = sourcecode.swift; path = AppDelegate.swift; sourceTree = "<group>"; };
		60FC0C452657CA4B00F60DF9 /* SceneDelegate.swift */ = {isa = PBXFileReference; lastKnownFileType = sourcecode.swift; path = SceneDelegate.swift; sourceTree = "<group>"; };
		60FC0C472657CA4B00F60DF9 /* ClimaViewController.swift */ = {isa = PBXFileReference; lastKnownFileType = sourcecode.swift; path = ClimaViewController.swift; sourceTree = "<group>"; };
		60FC0C4A2657CA4B00F60DF9 /* Base */ = {isa = PBXFileReference; lastKnownFileType = file.storyboard; name = Base; path = Base.lproj/Main.storyboard; sourceTree = "<group>"; };
		60FC0C4C2657CA4E00F60DF9 /* Assets.xcassets */ = {isa = PBXFileReference; lastKnownFileType = folder.assetcatalog; path = Assets.xcassets; sourceTree = "<group>"; };
		60FC0C4F2657CA4E00F60DF9 /* Base */ = {isa = PBXFileReference; lastKnownFileType = file.storyboard; name = Base; path = Base.lproj/LaunchScreen.storyboard; sourceTree = "<group>"; };
		60FC0C512657CA4E00F60DF9 /* Info.plist */ = {isa = PBXFileReference; lastKnownFileType = text.plist.xml; path = Info.plist; sourceTree = "<group>"; };
/* End PBXFileReference section */

/* Begin PBXFrameworksBuildPhase section */
		60FC0C3D2657CA4B00F60DF9 /* Frameworks */ = {
			isa = PBXFrameworksBuildPhase;
			buildActionMask = 2147483647;
			files = (
			);
			runOnlyForDeploymentPostprocessing = 0;
		};
/* End PBXFrameworksBuildPhase section */

/* Begin PBXGroup section */
		60FC0C372657CA4B00F60DF9 = {
			isa = PBXGroup;
			children = (
				60FC0C422657CA4B00F60DF9 /* Clima */,
				60FC0C412657CA4B00F60DF9 /* Products */,
			);
			sourceTree = "<group>";
		};
		60FC0C412657CA4B00F60DF9 /* Products */ = {
			isa = PBXGroup;
			children = (
				60FC0C402657CA4B00F60DF9 /* Clima.app */,
			);
			name = Products;
			sourceTree = "<group>";
		};
		60FC0C422657CA4B00F60DF9 /* Clima */ = {
			isa = PBXGroup;
			children = (
				60FC0C432657CA4B00F60DF9 /* AppDelegate.swift */,
				60FC0C452657CA4B00F60DF9 /* SceneDelegate.swift */,
				60FC0C592657CA8000F60DF9 /* Model */,
				60FC0C572657CA5700F60DF9 /* View */,
				60FC0C582657CA6700F60DF9 /* Controller */,
				60FC0C4C2657CA4E00F60DF9 /* Assets.xcassets */,
				60FC0C4E2657CA4E00F60DF9 /* LaunchScreen.storyboard */,
				60FC0C512657CA4E00F60DF9 /* Info.plist */,
			);
			path = Clima;
			sourceTree = "<group>";
		};
		60FC0C572657CA5700F60DF9 /* View */ = {
			isa = PBXGroup;
			children = (
				60FC0C492657CA4B00F60DF9 /* Main.storyboard */,
			);
			path = View;
			sourceTree = "<group>";
		};
		60FC0C582657CA6700F60DF9 /* Controller */ = {
			isa = PBXGroup;
			children = (
				60FC0C472657CA4B00F60DF9 /* ClimaViewController.swift */,
			);
			path = Controller;
			sourceTree = "<group>";
		};
		60FC0C592657CA8000F60DF9 /* Model */ = {
			isa = PBXGroup;
			children = (
				608FA76D265E45FC0023CF3E /* WeatherModel.swift */,
				6017B7B3265D33D600C25807 /* WeatherData.swift */,
				60F7BE76265BD8330042B6D7 /* WeatherManager.swift */,
			);
			path = Model;
			sourceTree = "<group>";
		};
/* End PBXGroup section */

/* Begin PBXNativeTarget section */
		60FC0C3F2657CA4B00F60DF9 /* Clima */ = {
			isa = PBXNativeTarget;
			buildConfigurationList = 60FC0C542657CA4E00F60DF9 /* Build configuration list for PBXNativeTarget "Clima" */;
			buildPhases = (
				60FC0C3C2657CA4B00F60DF9 /* Sources */,
				60FC0C3D2657CA4B00F60DF9 /* Frameworks */,
				60FC0C3E2657CA4B00F60DF9 /* Resources */,
			);
			buildRules = (
			);
			dependencies = (
			);
			name = Clima;
			productName = Clima;
			productReference = 60FC0C402657CA4B00F60DF9 /* Clima.app */;
			productType = "com.apple.product-type.application";
		};
/* End PBXNativeTarget section */

/* Begin PBXProject section */
		60FC0C382657CA4B00F60DF9 /* Project object */ = {
			isa = PBXProject;
			attributes = {
				LastSwiftUpdateCheck = 1250;
				LastUpgradeCheck = 1250;
				TargetAttributes = {
					60FC0C3F2657CA4B00F60DF9 = {
						CreatedOnToolsVersion = 12.5;
					};
				};
			};
			buildConfigurationList = 60FC0C3B2657CA4B00F60DF9 /* Build configuration list for PBXProject "Clima" */;
			compatibilityVersion = "Xcode 9.3";
			developmentRegion = en;
			hasScannedForEncodings = 0;
			knownRegions = (
				en,
				Base,
			);
			mainGroup = 60FC0C372657CA4B00F60DF9;
			productRefGroup = 60FC0C412657CA4B00F60DF9 /* Products */;
			projectDirPath = "";
			projectRoot = "";
			targets = (
				60FC0C3F2657CA4B00F60DF9 /* Clima */,
			);
		};
/* End PBXProject section */

/* Begin PBXResourcesBuildPhase section */
		60FC0C3E2657CA4B00F60DF9 /* Resources */ = {
			isa = PBXResourcesBuildPhase;
			buildActionMask = 2147483647;
			files = (
				60FC0C502657CA4E00F60DF9 /* LaunchScreen.storyboard in Resources */,
				60FC0C4D2657CA4E00F60DF9 /* Assets.xcassets in Resources */,
				60FC0C4B2657CA4B00F60DF9 /* Main.storyboard in Resources */,
			);
			runOnlyForDeploymentPostprocessing = 0;
		};
/* End PBXResourcesBuildPhase section */

/* Begin PBXSourcesBuildPhase section */
		60FC0C3C2657CA4B00F60DF9 /* Sources */ = {
			isa = PBXSourcesBuildPhase;
			buildActionMask = 2147483647;
			files = (
				60FC0C482657CA4B00F60DF9 /* ClimaViewController.swift in Sources */,
				6017B7B4265D33D600C25807 /* WeatherData.swift in Sources */,
				60FC0C442657CA4B00F60DF9 /* AppDelegate.swift in Sources */,
				60F7BE77265BD8330042B6D7 /* WeatherManager.swift in Sources */,
				608FA76E265E45FC0023CF3E /* WeatherModel.swift in Sources */,
				60FC0C462657CA4B00F60DF9 /* SceneDelegate.swift in Sources */,
			);
			runOnlyForDeploymentPostprocessing = 0;
		};
/* End PBXSourcesBuildPhase section */

/* Begin PBXVariantGroup section */
		60FC0C492657CA4B00F60DF9 /* Main.storyboard */ = {
			isa = PBXVariantGroup;
			children = (
				60FC0C4A2657CA4B00F60DF9 /* Base */,
			);
			name = Main.storyboard;
			sourceTree = "<group>";
		};
		60FC0C4E2657CA4E00F60DF9 /* LaunchScreen.storyboard */ = {
			isa = PBXVariantGroup;
			children = (
				60FC0C4F2657CA4E00F60DF9 /* Base */,
			);
			name = LaunchScreen.storyboard;
			sourceTree = "<group>";
		};
/* End PBXVariantGroup section */

/* Begin XCBuildConfiguration section */
		60FC0C522657CA4E00F60DF9 /* Debug */ = {
			isa = XCBuildConfiguration;
			buildSettings = {
				ALWAYS_SEARCH_USER_PATHS = NO;
				CLANG_ANALYZER_NONNULL = YES;
				CLANG_ANALYZER_NUMBER_OBJECT_CONVERSION = YES_AGGRESSIVE;
				CLANG_CXX_LANGUAGE_STANDARD = "gnu++14";
				CLANG_CXX_LIBRARY = "libc++";
				CLANG_ENABLE_MODULES = YES;
				CLANG_ENABLE_OBJC_ARC = YES;
				CLANG_ENABLE_OBJC_WEAK = YES;
				CLANG_WARN_BLOCK_CAPTURE_AUTORELEASING = YES;
				CLANG_WARN_BOOL_CONVERSION = YES;
				CLANG_WARN_COMMA = YES;
				CLANG_WARN_CONSTANT_CONVERSION = YES;
				CLANG_WARN_DEPRECATED_OBJC_IMPLEMENTATIONS = YES;
				CLANG_WARN_DIRECT_OBJC_ISA_USAGE = YES_ERROR;
				CLANG_WARN_DOCUMENTATION_COMMENTS = YES;
				CLANG_WARN_EMPTY_BODY = YES;
				CLANG_WARN_ENUM_CONVERSION = YES;
				CLANG_WARN_INFINITE_RECURSION = YES;
				CLANG_WARN_INT_CONVERSION = YES;
				CLANG_WARN_NON_LITERAL_NULL_CONVERSION = YES;
				CLANG_WARN_OBJC_IMPLICIT_RETAIN_SELF = YES;
				CLANG_WARN_OBJC_LITERAL_CONVERSION = YES;
				CLANG_WARN_OBJC_ROOT_CLASS = YES_ERROR;
				CLANG_WARN_QUOTED_INCLUDE_IN_FRAMEWORK_HEADER = YES;
				CLANG_WARN_RANGE_LOOP_ANALYSIS = YES;
				CLANG_WARN_STRICT_PROTOTYPES = YES;
				CLANG_WARN_SUSPICIOUS_MOVE = YES;
				CLANG_WARN_UNGUARDED_AVAILABILITY = YES_AGGRESSIVE;
				CLANG_WARN_UNREACHABLE_CODE = YES;
				CLANG_WARN__DUPLICATE_METHOD_MATCH = YES;
				COPY_PHASE_STRIP = NO;
				DEBUG_INFORMATION_FORMAT = dwarf;
				ENABLE_STRICT_OBJC_MSGSEND = YES;
				ENABLE_TESTABILITY = YES;
				GCC_C_LANGUAGE_STANDARD = gnu11;
				GCC_DYNAMIC_NO_PIC = NO;
				GCC_NO_COMMON_BLOCKS = YES;
				GCC_OPTIMIZATION_LEVEL = 0;
				GCC_PREPROCESSOR_DEFINITIONS = (
					"DEBUG=1",
					"$(inherited)",
				);
				GCC_WARN_64_TO_32_BIT_CONVERSION = YES;
				GCC_WARN_ABOUT_RETURN_TYPE = YES_ERROR;
				GCC_WARN_UNDECLARED_SELECTOR = YES;
				GCC_WARN_UNINITIALIZED_AUTOS = YES_AGGRESSIVE;
				GCC_WARN_UNUSED_FUNCTION = YES;
				GCC_WARN_UNUSED_VARIABLE = YES;
				IPHONEOS_DEPLOYMENT_TARGET = 14.5;
				MTL_ENABLE_DEBUG_INFO = INCLUDE_SOURCE;
				MTL_FAST_MATH = YES;
				ONLY_ACTIVE_ARCH = YES;
				SDKROOT = iphoneos;
				SWIFT_ACTIVE_COMPILATION_CONDITIONS = DEBUG;
				SWIFT_OPTIMIZATION_LEVEL = "-Onone";
			};
			name = Debug;
		};
		60FC0C532657CA4E00F60DF9 /* Release */ = {
			isa = XCBuildConfiguration;
			buildSettings = {
				ALWAYS_SEARCH_USER_PATHS = NO;
				CLANG_ANALYZER_NONNULL = YES;
				CLANG_ANALYZER_NUMBER_OBJECT_CONVERSION = YES_AGGRESSIVE;
				CLANG_CXX_LANGUAGE_STANDARD = "gnu++14";
				CLANG_CXX_LIBRARY = "libc++";
				CLANG_ENABLE_MODULES = YES;
				CLANG_ENABLE_OBJC_ARC = YES;
				CLANG_ENABLE_OBJC_WEAK = YES;
				CLANG_WARN_BLOCK_CAPTURE_AUTORELEASING = YES;
				CLANG_WARN_BOOL_CONVERSION = YES;
				CLANG_WARN_COMMA = YES;
				CLANG_WARN_CONSTANT_CONVERSION = YES;
				CLANG_WARN_DEPRECATED_OBJC_IMPLEMENTATIONS = YES;
				CLANG_WARN_DIRECT_OBJC_ISA_USAGE = YES_ERROR;
				CLANG_WARN_DOCUMENTATION_COMMENTS = YES;
				CLANG_WARN_EMPTY_BODY = YES;
				CLANG_WARN_ENUM_CONVERSION = YES;
				CLANG_WARN_INFINITE_RECURSION = YES;
				CLANG_WARN_INT_CONVERSION = YES;
				CLANG_WARN_NON_LITERAL_NULL_CONVERSION = YES;
				CLANG_WARN_OBJC_IMPLICIT_RETAIN_SELF = YES;
				CLANG_WARN_OBJC_LITERAL_CONVERSION = YES;
				CLANG_WARN_OBJC_ROOT_CLASS = YES_ERROR;
				CLANG_WARN_QUOTED_INCLUDE_IN_FRAMEWORK_HEADER = YES;
				CLANG_WARN_RANGE_LOOP_ANALYSIS = YES;
				CLANG_WARN_STRICT_PROTOTYPES = YES;
				CLANG_WARN_SUSPICIOUS_MOVE = YES;
				CLANG_WARN_UNGUARDED_AVAILABILITY = YES_AGGRESSIVE;
				CLANG_WARN_UNREACHABLE_CODE = YES;
				CLANG_WARN__DUPLICATE_METHOD_MATCH = YES;
				COPY_PHASE_STRIP = NO;
				DEBUG_INFORMATION_FORMAT = "dwarf-with-dsym";
				ENABLE_NS_ASSERTIONS = NO;
				ENABLE_STRICT_OBJC_MSGSEND = YES;
				GCC_C_LANGUAGE_STANDARD = gnu11;
				GCC_NO_COMMON_BLOCKS = YES;
				GCC_WARN_64_TO_32_BIT_CONVERSION = YES;
				GCC_WARN_ABOUT_RETURN_TYPE = YES_ERROR;
				GCC_WARN_UNDECLARED_SELECTOR = YES;
				GCC_WARN_UNINITIALIZED_AUTOS = YES_AGGRESSIVE;
				GCC_WARN_UNUSED_FUNCTION = YES;
				GCC_WARN_UNUSED_VARIABLE = YES;
				IPHONEOS_DEPLOYMENT_TARGET = 14.5;
				MTL_ENABLE_DEBUG_INFO = NO;
				MTL_FAST_MATH = YES;
				SDKROOT = iphoneos;
				SWIFT_COMPILATION_MODE = wholemodule;
				SWIFT_OPTIMIZATION_LEVEL = "-O";
				VALIDATE_PRODUCT = YES;
			};
			name = Release;
		};
		60FC0C552657CA4E00F60DF9 /* Debug */ = {
			isa = XCBuildConfiguration;
			buildSettings = {
				ASSETCATALOG_COMPILER_APPICON_NAME = AppIcon;
				ASSETCATALOG_COMPILER_GLOBAL_ACCENT_COLOR_NAME = AccentColor;
				CODE_SIGN_STYLE = Automatic;
				DEVELOPMENT_TEAM = 3H56HFHX43;
				INFOPLIST_FILE = Clima/Info.plist;
				LD_RUNPATH_SEARCH_PATHS = (
					"$(inherited)",
					"@executable_path/Frameworks",
				);
				PRODUCT_BUNDLE_IDENTIFIER = com.BTM.Clima;
				PRODUCT_NAME = "$(TARGET_NAME)";
				SWIFT_VERSION = 5.0;
				TARGETED_DEVICE_FAMILY = "1,2";
			};
			name = Debug;
		};
		60FC0C562657CA4E00F60DF9 /* Release */ = {
			isa = XCBuildConfiguration;
			buildSettings = {
				ASSETCATALOG_COMPILER_APPICON_NAME = AppIcon;
				ASSETCATALOG_COMPILER_GLOBAL_ACCENT_COLOR_NAME = AccentColor;
				CODE_SIGN_STYLE = Automatic;
				DEVELOPMENT_TEAM = 3H56HFHX43;
				INFOPLIST_FILE = Clima/Info.plist;
				LD_RUNPATH_SEARCH_PATHS = (
					"$(inherited)",
					"@executable_path/Frameworks",
				);
				PRODUCT_BUNDLE_IDENTIFIER = com.BTM.Clima;
				PRODUCT_NAME = "$(TARGET_NAME)";
				SWIFT_VERSION = 5.0;
				TARGETED_DEVICE_FAMILY = "1,2";
			};
			name = Release;
		};
/* End XCBuildConfiguration section */

/* Begin XCConfigurationList section */
		60FC0C3B2657CA4B00F60DF9 /* Build configuration list for PBXProject "Clima" */ = {
			isa = XCConfigurationList;
			buildConfigurations = (
				60FC0C522657CA4E00F60DF9 /* Debug */,
				60FC0C532657CA4E00F60DF9 /* Release */,
			);
			defaultConfigurationIsVisible = 0;
			defaultConfigurationName = Release;
		};
		60FC0C542657CA4E00F60DF9 /* Build configuration list for PBXNativeTarget "Clima" */ = {
			isa = XCConfigurationList;
			buildConfigurations = (
				60FC0C552657CA4E00F60DF9 /* Debug */,
				60FC0C562657CA4E00F60DF9 /* Release */,
			);
			defaultConfigurationIsVisible = 0;
			defaultConfigurationName = Release;
		};
/* End XCConfigurationList section */
	};
	rootObject = 60FC0C382657CA4B00F60DF9 /* Project object */;
}
